
Microsoft Visual Studio Solution File, Format Version 12.00
# Visual Studio Version 17
VisualStudioVersion = 17.9.34723.18
MinimumVisualStudioVersion = 10.0.40219.1
Project("{FAE04EC0-301F-11D3-BF4B-00C04F79EFBC}") = "codeFirstApproach", "codeFirstApproach.csproj", "{1340EE83-EEBC-4B2A-9E72-9E115F381D6D}"
EndProject
Global
	GlobalSection(SolutionConfigurationPlatforms) = preSolution
		Debug|Any CPU = Debug|Any CPU
		Release|Any CPU = Release|Any CPU
	EndGlobalSection
	GlobalSection(ProjectConfigurationPlatforms) = postSolution
		{1340EE83-EEBC-4B2A-9E72-9E115F381D6D}.Debug|Any CPU.ActiveCfg = Debug|Any CPU
		{1340EE83-EEBC-4B2A-9E72-9E115F381D6D}.Debug|Any CPU.Build.0 = Debug|Any CPU
		{1340EE83-EEBC-4B2A-9E72-9E115F381D6D}.Release|Any CPU.ActiveCfg = Release|Any CPU
		{1340EE83-EEBC-4B2A-9E72-9E115F381D6D}.Release|Any CPU.Build.0 = Release|Any CPU
	EndGlobalSection
	GlobalSection(SolutionProperties) = preSolution
		HideSolutionNode = FALSE
	EndGlobalSection
	GlobalSection(ExtensibilityGlobals) = postSolution
		SolutionGuid = {44E39A27-D9E2-4061-B1C0-3BCF7D471B80}
	EndGlobalSection
EndGlobal
